
Microsoft Visual Studio Solution File, Format Version 12.00
Project("{2150E333-8FDC-42A3-9474-1A3956D46DE8}") = "Core", "Core", "{EA2D2C6A-5544-40B2-8726-2C5EA7D6E831}"
EndProject
Project("{FAE04EC0-301F-11D3-BF4B-00C04F79EFBC}") = "Spire.Core.Abstractions", "src\core\Spire.Core.Abstractions\Spire.Core.Abstractions.csproj", "{1862F060-1F52-4774-9283-F81BF064DB2B}"
EndProject
Project("{FAE04EC0-301F-11D3-BF4B-00C04F79EFBC}") = "Spire.Core", "src\core\Spire.Core\Spire.Core.csproj", "{B5B53A53-BA89-4720-AE5C-51A5CCEB00D7}"
EndProject
Project("{2150E333-8FDC-42A3-9474-1A3956D46DE8}") = "Commands", "Commands", "{EED74F65-6D59-4719-8DEB-718CCF34602E}"
EndProject
Project("{FAE04EC0-301F-11D3-BF4B-00C04F79EFBC}") = "Spire.Core.Commands.Abstractions", "src\core\commands\Spire.Core.Commands.Abstractions\Spire.Core.Commands.Abstractions.csproj", "{44C7AD84-AC47-49B8-9B40-DF4D401074DB}"
EndProject
Project("{FAE04EC0-301F-11D3-BF4B-00C04F79EFBC}") = "Spire.Core.Commands", "src\core\commands\Spire.Core.Commands\Spire.Core.Commands.csproj", "{BEE68C5E-DC44-4AE7-8152-F2653FC27BAD}"
EndProject
Project("{2150E333-8FDC-42A3-9474-1A3956D46DE8}") = "Parsing", "Parsing", "{254CB8E9-FC27-4945-BD8A-F7C7FE81FE2E}"
EndProject
Project("{FAE04EC0-301F-11D3-BF4B-00C04F79EFBC}") = "Spire.Core.Commands.Parsing", "src\core\commands\parsing\Spire.Core.Commands.Parsing\Spire.Core.Commands.Parsing.csproj", "{E74EFE4D-F84E-446F-AB30-AEAAC0B1A53C}"
EndProject
Project("{FAE04EC0-301F-11D3-BF4B-00C04F79EFBC}") = "Spire.Core.Commands.Parsing.Abstractions", "src\core\commands\parsing\Spire.Core.Commands.Parsing.Abstractions\Spire.Core.Commands.Parsing.Abstractions.csproj", "{5048248F-2DB8-4E6B-A825-981472E5AF71}"
EndProject
Project("{2150E333-8FDC-42A3-9474-1A3956D46DE8}") = "Sessions", "Sessions", "{F6F7937F-ADD4-4432-BC72-D7D7C38FA82D}"
EndProject
Project("{FAE04EC0-301F-11D3-BF4B-00C04F79EFBC}") = "Spire.Core.Sessions.Abstractions", "src\core\sessions\Spire.Core.Sessions.Abstractions\Spire.Core.Sessions.Abstractions.csproj", "{4BE469AA-BAFA-43B4-B7AA-4BE49C3F6239}"
EndProject
Project("{FAE04EC0-301F-11D3-BF4B-00C04F79EFBC}") = "Spire.Core.Sessions", "src\core\sessions\Spire.Core.Sessions\Spire.Core.Sessions.csproj", "{206C7107-CA4C-4E01-B8B0-97920812246D}"
EndProject
Project("{2150E333-8FDC-42A3-9474-1A3956D46DE8}") = "Hosting", "Hosting", "{BFA5501A-812D-4061-814C-73CB94DF5B79}"
EndProject
Project("{FAE04EC0-301F-11D3-BF4B-00C04F79EFBC}") = "Spire.Hosting.Console", "src\hosting\Spire.Hosting.Console\Spire.Hosting.Console.csproj", "{6D718BD0-A5B3-4EAA-B8FA-000A56FF8838}"
EndProject
Project("{FAE04EC0-301F-11D3-BF4B-00C04F79EFBC}") = "Spire.Hosting", "src\hosting\Spire.Hosting\Spire.Hosting.csproj", "{C7DB679A-036D-422B-85E7-0D5C114A1D2F}"
EndProject
Project("{2150E333-8FDC-42A3-9474-1A3956D46DE8}") = "Examples", "Examples", "{BF6D5C0D-87A5-4690-8588-36F84740A463}"
EndProject
Project("{FAE04EC0-301F-11D3-BF4B-00C04F79EFBC}") = "Spire.Examples.Console", "examples\Spire.Examples.Console\Spire.Examples.Console.csproj", "{4DE532BA-5D2B-4F5B-ACDC-DC8D4B1B919D}"
EndProject
Project("{FAE04EC0-301F-11D3-BF4B-00C04F79EFBC}") = "Spire.Examples.Shared", "examples\Spire.Examples.Shared\Spire.Examples.Shared.csproj", "{F301E735-B59E-4009-A65B-962A0DA6ECCD}"
EndProject
Project("{FAE04EC0-301F-11D3-BF4B-00C04F79EFBC}") = "Spire", "src\Spire\Spire.csproj", "{5EEEDD8B-19CA-4183-ADA9-773166B78287}"
EndProject
Project("{9A19103F-16F7-4668-BE54-9A1E7A4F7556}") = "Spire.Build", "build\Spire.Build.csproj", "{571C6CA7-E115-489E-8A3B-67EB62C4B9B1}"
EndProject
Project("{2150E333-8FDC-42A3-9474-1A3956D46DE8}") = "Markups", "Markups", "{469EE8CB-E1B8-4FF4-80EB-B6A63BFEEE92}"
EndProject
Project("{FAE04EC0-301F-11D3-BF4B-00C04F79EFBC}") = "Spire.Core.Markups.Abstractions", "src\core\markups\Spire.Core.Markups.Abstractions\Spire.Core.Markups.Abstractions.csproj", "{66655490-0985-4CEF-B924-432ABAD4B294}"
EndProject
Project("{FAE04EC0-301F-11D3-BF4B-00C04F79EFBC}") = "Spire.Core.Markups", "src\core\markups\Spire.Core.Markups\Spire.Core.Markups.csproj", "{7A409976-FA4F-42F7-9B03-432B7D37FE70}"
EndProject
Project("{FAE04EC0-301F-11D3-BF4B-00C04F79EFBC}") = "Spire.Hosting.Web", "src\hosting\Spire.Hosting.Web\Spire.Hosting.Web.csproj", "{3E535100-72F3-45BA-9B13-F6B6E285FCAB}"
EndProject
Project("{FAE04EC0-301F-11D3-BF4B-00C04F79EFBC}") = "Spire.Examples.Web", "examples\Spire.Examples.Web\Spire.Examples.Web.csproj", "{F00AC103-2EA9-4A58-A9BC-BE80D8E94CE6}"
EndProject
Global
	GlobalSection(SolutionConfigurationPlatforms) = preSolution
		Debug|Any CPU = Debug|Any CPU
		Release|Any CPU = Release|Any CPU
	EndGlobalSection
	GlobalSection(ProjectConfigurationPlatforms) = postSolution
		{571C6CA7-E115-489E-8A3B-67EB62C4B9B1}.Debug|Any CPU.ActiveCfg = Debug|Any CPU
		{571C6CA7-E115-489E-8A3B-67EB62C4B9B1}.Release|Any CPU.ActiveCfg = Release|Any CPU
		{1862F060-1F52-4774-9283-F81BF064DB2B}.Debug|Any CPU.ActiveCfg = Debug|Any CPU
		{1862F060-1F52-4774-9283-F81BF064DB2B}.Debug|Any CPU.Build.0 = Debug|Any CPU
		{1862F060-1F52-4774-9283-F81BF064DB2B}.Release|Any CPU.ActiveCfg = Release|Any CPU
		{1862F060-1F52-4774-9283-F81BF064DB2B}.Release|Any CPU.Build.0 = Release|Any CPU
		{B5B53A53-BA89-4720-AE5C-51A5CCEB00D7}.Debug|Any CPU.ActiveCfg = Debug|Any CPU
		{B5B53A53-BA89-4720-AE5C-51A5CCEB00D7}.Debug|Any CPU.Build.0 = Debug|Any CPU
		{B5B53A53-BA89-4720-AE5C-51A5CCEB00D7}.Release|Any CPU.ActiveCfg = Release|Any CPU
		{B5B53A53-BA89-4720-AE5C-51A5CCEB00D7}.Release|Any CPU.Build.0 = Release|Any CPU
		{44C7AD84-AC47-49B8-9B40-DF4D401074DB}.Debug|Any CPU.ActiveCfg = Debug|Any CPU
		{44C7AD84-AC47-49B8-9B40-DF4D401074DB}.Debug|Any CPU.Build.0 = Debug|Any CPU
		{44C7AD84-AC47-49B8-9B40-DF4D401074DB}.Release|Any CPU.ActiveCfg = Release|Any CPU
		{44C7AD84-AC47-49B8-9B40-DF4D401074DB}.Release|Any CPU.Build.0 = Release|Any CPU
		{BEE68C5E-DC44-4AE7-8152-F2653FC27BAD}.Debug|Any CPU.ActiveCfg = Debug|Any CPU
		{BEE68C5E-DC44-4AE7-8152-F2653FC27BAD}.Debug|Any CPU.Build.0 = Debug|Any CPU
		{BEE68C5E-DC44-4AE7-8152-F2653FC27BAD}.Release|Any CPU.ActiveCfg = Release|Any CPU
		{BEE68C5E-DC44-4AE7-8152-F2653FC27BAD}.Release|Any CPU.Build.0 = Release|Any CPU
		{E74EFE4D-F84E-446F-AB30-AEAAC0B1A53C}.Debug|Any CPU.ActiveCfg = Debug|Any CPU
		{E74EFE4D-F84E-446F-AB30-AEAAC0B1A53C}.Debug|Any CPU.Build.0 = Debug|Any CPU
		{E74EFE4D-F84E-446F-AB30-AEAAC0B1A53C}.Release|Any CPU.ActiveCfg = Release|Any CPU
		{E74EFE4D-F84E-446F-AB30-AEAAC0B1A53C}.Release|Any CPU.Build.0 = Release|Any CPU
		{5048248F-2DB8-4E6B-A825-981472E5AF71}.Debug|Any CPU.ActiveCfg = Debug|Any CPU
		{5048248F-2DB8-4E6B-A825-981472E5AF71}.Debug|Any CPU.Build.0 = Debug|Any CPU
		{5048248F-2DB8-4E6B-A825-981472E5AF71}.Release|Any CPU.ActiveCfg = Release|Any CPU
		{5048248F-2DB8-4E6B-A825-981472E5AF71}.Release|Any CPU.Build.0 = Release|Any CPU
		{4BE469AA-BAFA-43B4-B7AA-4BE49C3F6239}.Debug|Any CPU.ActiveCfg = Debug|Any CPU
		{4BE469AA-BAFA-43B4-B7AA-4BE49C3F6239}.Debug|Any CPU.Build.0 = Debug|Any CPU
		{4BE469AA-BAFA-43B4-B7AA-4BE49C3F6239}.Release|Any CPU.ActiveCfg = Release|Any CPU
		{4BE469AA-BAFA-43B4-B7AA-4BE49C3F6239}.Release|Any CPU.Build.0 = Release|Any CPU
		{206C7107-CA4C-4E01-B8B0-97920812246D}.Debug|Any CPU.ActiveCfg = Debug|Any CPU
		{206C7107-CA4C-4E01-B8B0-97920812246D}.Debug|Any CPU.Build.0 = Debug|Any CPU
		{206C7107-CA4C-4E01-B8B0-97920812246D}.Release|Any CPU.ActiveCfg = Release|Any CPU
		{206C7107-CA4C-4E01-B8B0-97920812246D}.Release|Any CPU.Build.0 = Release|Any CPU
		{6D718BD0-A5B3-4EAA-B8FA-000A56FF8838}.Debug|Any CPU.ActiveCfg = Debug|Any CPU
		{6D718BD0-A5B3-4EAA-B8FA-000A56FF8838}.Debug|Any CPU.Build.0 = Debug|Any CPU
		{6D718BD0-A5B3-4EAA-B8FA-000A56FF8838}.Release|Any CPU.ActiveCfg = Release|Any CPU
		{6D718BD0-A5B3-4EAA-B8FA-000A56FF8838}.Release|Any CPU.Build.0 = Release|Any CPU
		{C7DB679A-036D-422B-85E7-0D5C114A1D2F}.Debug|Any CPU.ActiveCfg = Debug|Any CPU
		{C7DB679A-036D-422B-85E7-0D5C114A1D2F}.Debug|Any CPU.Build.0 = Debug|Any CPU
		{C7DB679A-036D-422B-85E7-0D5C114A1D2F}.Release|Any CPU.ActiveCfg = Release|Any CPU
		{C7DB679A-036D-422B-85E7-0D5C114A1D2F}.Release|Any CPU.Build.0 = Release|Any CPU
		{4DE532BA-5D2B-4F5B-ACDC-DC8D4B1B919D}.Debug|Any CPU.ActiveCfg = Debug|Any CPU
		{4DE532BA-5D2B-4F5B-ACDC-DC8D4B1B919D}.Debug|Any CPU.Build.0 = Debug|Any CPU
		{4DE532BA-5D2B-4F5B-ACDC-DC8D4B1B919D}.Release|Any CPU.ActiveCfg = Release|Any CPU
		{4DE532BA-5D2B-4F5B-ACDC-DC8D4B1B919D}.Release|Any CPU.Build.0 = Release|Any CPU
		{F301E735-B59E-4009-A65B-962A0DA6ECCD}.Debug|Any CPU.ActiveCfg = Debug|Any CPU
		{F301E735-B59E-4009-A65B-962A0DA6ECCD}.Debug|Any CPU.Build.0 = Debug|Any CPU
		{F301E735-B59E-4009-A65B-962A0DA6ECCD}.Release|Any CPU.ActiveCfg = Release|Any CPU
		{F301E735-B59E-4009-A65B-962A0DA6ECCD}.Release|Any CPU.Build.0 = Release|Any CPU
		{5EEEDD8B-19CA-4183-ADA9-773166B78287}.Debug|Any CPU.ActiveCfg = Debug|Any CPU
		{5EEEDD8B-19CA-4183-ADA9-773166B78287}.Debug|Any CPU.Build.0 = Debug|Any CPU
		{5EEEDD8B-19CA-4183-ADA9-773166B78287}.Release|Any CPU.ActiveCfg = Release|Any CPU
		{5EEEDD8B-19CA-4183-ADA9-773166B78287}.Release|Any CPU.Build.0 = Release|Any CPU
		{66655490-0985-4CEF-B924-432ABAD4B294}.Debug|Any CPU.ActiveCfg = Debug|Any CPU
		{66655490-0985-4CEF-B924-432ABAD4B294}.Debug|Any CPU.Build.0 = Debug|Any CPU
		{66655490-0985-4CEF-B924-432ABAD4B294}.Release|Any CPU.ActiveCfg = Release|Any CPU
		{66655490-0985-4CEF-B924-432ABAD4B294}.Release|Any CPU.Build.0 = Release|Any CPU
		{7A409976-FA4F-42F7-9B03-432B7D37FE70}.Debug|Any CPU.ActiveCfg = Debug|Any CPU
		{7A409976-FA4F-42F7-9B03-432B7D37FE70}.Debug|Any CPU.Build.0 = Debug|Any CPU
		{7A409976-FA4F-42F7-9B03-432B7D37FE70}.Release|Any CPU.ActiveCfg = Release|Any CPU
		{7A409976-FA4F-42F7-9B03-432B7D37FE70}.Release|Any CPU.Build.0 = Release|Any CPU
		{3E535100-72F3-45BA-9B13-F6B6E285FCAB}.Debug|Any CPU.ActiveCfg = Debug|Any CPU
		{3E535100-72F3-45BA-9B13-F6B6E285FCAB}.Debug|Any CPU.Build.0 = Debug|Any CPU
		{3E535100-72F3-45BA-9B13-F6B6E285FCAB}.Release|Any CPU.ActiveCfg = Release|Any CPU
		{3E535100-72F3-45BA-9B13-F6B6E285FCAB}.Release|Any CPU.Build.0 = Release|Any CPU
		{F00AC103-2EA9-4A58-A9BC-BE80D8E94CE6}.Debug|Any CPU.ActiveCfg = Debug|Any CPU
		{F00AC103-2EA9-4A58-A9BC-BE80D8E94CE6}.Debug|Any CPU.Build.0 = Debug|Any CPU
		{F00AC103-2EA9-4A58-A9BC-BE80D8E94CE6}.Release|Any CPU.ActiveCfg = Release|Any CPU
		{F00AC103-2EA9-4A58-A9BC-BE80D8E94CE6}.Release|Any CPU.Build.0 = Release|Any CPU
	EndGlobalSection
	GlobalSection(NestedProjects) = preSolution
		{1862F060-1F52-4774-9283-F81BF064DB2B} = {EA2D2C6A-5544-40B2-8726-2C5EA7D6E831}
		{B5B53A53-BA89-4720-AE5C-51A5CCEB00D7} = {EA2D2C6A-5544-40B2-8726-2C5EA7D6E831}
		{EED74F65-6D59-4719-8DEB-718CCF34602E} = {EA2D2C6A-5544-40B2-8726-2C5EA7D6E831}
		{44C7AD84-AC47-49B8-9B40-DF4D401074DB} = {EED74F65-6D59-4719-8DEB-718CCF34602E}
		{BEE68C5E-DC44-4AE7-8152-F2653FC27BAD} = {EED74F65-6D59-4719-8DEB-718CCF34602E}
		{254CB8E9-FC27-4945-BD8A-F7C7FE81FE2E} = {EED74F65-6D59-4719-8DEB-718CCF34602E}
		{E74EFE4D-F84E-446F-AB30-AEAAC0B1A53C} = {254CB8E9-FC27-4945-BD8A-F7C7FE81FE2E}
		{5048248F-2DB8-4E6B-A825-981472E5AF71} = {254CB8E9-FC27-4945-BD8A-F7C7FE81FE2E}
		{F6F7937F-ADD4-4432-BC72-D7D7C38FA82D} = {EA2D2C6A-5544-40B2-8726-2C5EA7D6E831}
		{4BE469AA-BAFA-43B4-B7AA-4BE49C3F6239} = {F6F7937F-ADD4-4432-BC72-D7D7C38FA82D}
		{206C7107-CA4C-4E01-B8B0-97920812246D} = {F6F7937F-ADD4-4432-BC72-D7D7C38FA82D}
		{6D718BD0-A5B3-4EAA-B8FA-000A56FF8838} = {BFA5501A-812D-4061-814C-73CB94DF5B79}
		{C7DB679A-036D-422B-85E7-0D5C114A1D2F} = {BFA5501A-812D-4061-814C-73CB94DF5B79}
		{4DE532BA-5D2B-4F5B-ACDC-DC8D4B1B919D} = {BF6D5C0D-87A5-4690-8588-36F84740A463}
		{F301E735-B59E-4009-A65B-962A0DA6ECCD} = {BF6D5C0D-87A5-4690-8588-36F84740A463}
		{469EE8CB-E1B8-4FF4-80EB-B6A63BFEEE92} = {EA2D2C6A-5544-40B2-8726-2C5EA7D6E831}
		{66655490-0985-4CEF-B924-432ABAD4B294} = {469EE8CB-E1B8-4FF4-80EB-B6A63BFEEE92}
		{7A409976-FA4F-42F7-9B03-432B7D37FE70} = {469EE8CB-E1B8-4FF4-80EB-B6A63BFEEE92}
		{3E535100-72F3-45BA-9B13-F6B6E285FCAB} = {BFA5501A-812D-4061-814C-73CB94DF5B79}
		{F00AC103-2EA9-4A58-A9BC-BE80D8E94CE6} = {BF6D5C0D-87A5-4690-8588-36F84740A463}
	EndGlobalSection
EndGlobal
